
Microsoft Visual Studio Solution File, Format Version 12.00
# Visual Studio 2012
Project("{FAE04EC0-301F-11D3-BF4B-00C04F79EFBC}") = "ProgrammersAdda", "ProgrammersAdda\ProgrammersAdda.csproj", "{AAD09CE4-3599-4C74-9E01-938F3B43B39A}"
EndProject
Global
	GlobalSection(SolutionConfigurationPlatforms) = preSolution
		Debug|Any CPU = Debug|Any CPU
		Release|Any CPU = Release|Any CPU
	EndGlobalSection
	GlobalSection(ProjectConfigurationPlatforms) = postSolution
		{AAD09CE4-3599-4C74-9E01-938F3B43B39A}.Debug|Any CPU.ActiveCfg = Debug|Any CPU
		{AAD09CE4-3599-4C74-9E01-938F3B43B39A}.Debug|Any CPU.Build.0 = Debug|Any CPU
		{AAD09CE4-3599-4C74-9E01-938F3B43B39A}.Release|Any CPU.ActiveCfg = Release|Any CPU
		{AAD09CE4-3599-4C74-9E01-938F3B43B39A}.Release|Any CPU.Build.0 = Release|Any CPU
	EndGlobalSection
	GlobalSection(SolutionProperties) = preSolution
		HideSolutionNode = FALSE
	EndGlobalSection
EndGlobal
